
Microsoft Visual Studio Solution File, Format Version 12.00
# Visual Studio Version 17
VisualStudioVersion = 17.2.32630.192
MinimumVisualStudioVersion = 10.0.40219.1
Project("{FAE04EC0-301F-11D3-BF4B-00C04F79EFBC}") = "BookStore", "BookStore\BookStore.csproj", "{8606B0D4-35FE-4D12-87F9-62D5084BE902}"
EndProject
Global
	GlobalSection(SolutionConfigurationPlatforms) = preSolution
		Debug|Any CPU = Debug|Any CPU
		Release|Any CPU = Release|Any CPU
	EndGlobalSection
	GlobalSection(ProjectConfigurationPlatforms) = postSolution
		{8606B0D4-35FE-4D12-87F9-62D5084BE902}.Debug|Any CPU.ActiveCfg = Debug|Any CPU
		{8606B0D4-35FE-4D12-87F9-62D5084BE902}.Debug|Any CPU.Build.0 = Debug|Any CPU
		{8606B0D4-35FE-4D12-87F9-62D5084BE902}.Release|Any CPU.ActiveCfg = Release|Any CPU
		{8606B0D4-35FE-4D12-87F9-62D5084BE902}.Release|Any CPU.Build.0 = Release|Any CPU
	EndGlobalSection
	GlobalSection(SolutionProperties) = preSolution
		HideSolutionNode = FALSE
	EndGlobalSection
	GlobalSection(ExtensibilityGlobals) = postSolution
		SolutionGuid = {EB8F1F53-0A9C-4F61-8D09-276C46C8C7E0}
	EndGlobalSection
EndGlobal
